{
  "version": 1,
  "dependencies": {
    "net9.0": {
      "coverlet.collector": {
        "type": "Direct",
        "requested": "[6.0.2, )",
        "resolved": "6.0.2",
        "contentHash": "bJShQ6uWRTQ100ZeyiMqcFlhP7WJ+bCuabUs885dJiBEzMsJMSFr7BOyeCw4rgvQokteGi5rKQTlkhfQPUXg2A=="
      },
      "FluentAssertions": {
        "type": "Direct",
        "requested": "[8.9.0, )",
        "resolved": "8.9.0",
        "contentHash": "Y5RDjxaVlxWX2yy0X/ay1tJjSKMOtjepSb83mmfngFS63hm3LsoZNj6nhmImzm1ifRmpF9ouvmHjx9nNwnkpDg=="
      },
      "Gherkin": {
        "type": "Direct",
        "requested": "[39.0.0, )",
        "resolved": "39.0.0",
        "contentHash": "CAx0pEEzpgAyQiOuZRy13uT6FvtVCH/TbSXFlq7BSDHeWTJhGRmRssMXaLg2bLbEACn8GveqxpHR2dq1VZu7Mg==",
        "dependencies": {
          "Cucumber.Messages": "32.1.0"
        }
      },
      "Microsoft.AspNetCore.Mvc.Testing": {
        "type": "Direct",
        "requested": "[9.0.17, )",
        "resolved": "9.0.17",
        "contentHash": "PXj8AgfFJ+tJ11tlF4CJ0i1+yneskPlYjqXhYdz20+w15KkxBKwqvBKoaQDXyImEgHOL0YZ+7Ww0Sb/sBq2cQg==",
        "dependencies": {
          "Microsoft.AspNetCore.TestHost": "9.0.17",
          "Microsoft.Extensions.DependencyModel": "9.0.17",
          "Microsoft.Extensions.Hosting": "9.0.17"
        }
      },
      "Microsoft.EntityFrameworkCore.InMemory": {
        "type": "Direct",
        "requested": "[9.0.17, )",
        "resolved": "9.0.17",
        "contentHash": "OYI5/HZxbbxi6azc1Lqs8xnQjD07Auj/r3rW+sRsGw1p6gx3CpTtaYUBmBpttwaX8X/RpSEf0cHj2ax11zIOMQ==",
        "dependencies": {
          "Microsoft.EntityFrameworkCore": "9.0.17",
          "Microsoft.Extensions.Caching.Memory": "9.0.17",
          "Microsoft.Extensions.Logging": "9.0.17"
        }
      },
      "Microsoft.EntityFrameworkCore.Sqlite": {
        "type": "Direct",
        "requested": "[9.0.14, )",
        "resolved": "9.0.14",
        "contentHash": "eI3HYgsuiAB3/Q2pI1fX3zgjoDmPgrtAZs/gH8ZU5CPI5iSkTXqKFtlCMAkmG75y/TrIdG58mNWAkV5fYAfy1w==",
        "dependencies": {
          "Microsoft.EntityFrameworkCore.Sqlite.Core": "9.0.14",
          "Microsoft.Extensions.Caching.Memory": "9.0.14",
          "Microsoft.Extensions.Configuration.Abstractions": "9.0.14",
          "Microsoft.Extensions.DependencyModel": "9.0.14",
          "Microsoft.Extensions.Logging": "9.0.14",
          "SQLitePCLRaw.bundle_e_sqlite3": "2.1.10",
          "SQLitePCLRaw.core": "2.1.10",
          "System.Text.Json": "9.0.14"
        }
      },
      "Microsoft.NET.Test.Sdk": {
        "type": "Direct",
        "requested": "[17.12.0, )",
        "resolved": "17.12.0",
        "contentHash": "kt/PKBZ91rFCWxVIJZSgVLk+YR+4KxTuHf799ho8WNiK5ZQpJNAEZCAWX86vcKrs+DiYjiibpYKdGZP6+/N17w==",
        "dependencies": {
          "Microsoft.CodeCoverage": "17.12.0",
          "Microsoft.TestPlatform.TestHost": "17.12.0"
        }
      },
      "Moq": {
        "type": "Direct",
        "requested": "[4.20.72, )",
        "resolved": "4.20.72",
        "contentHash": "EA55cjyNn8eTNWrgrdZJH5QLFp2L43oxl1tlkoYUKIE9pRwL784OWiTXeCV5ApS+AMYEAlt7Fo03A2XfouvHmQ==",
        "dependencies": {
          "Castle.Core": "5.1.1"
        }
      },
      "Reqnroll.xUnit": {
        "type": "Direct",
        "requested": "[3.3.4, )",
        "resolved": "3.3.4",
        "contentHash": "J8olct/J9yE/n+ZNwIBWpNBrCoBxB5sidzoShGO+spM2G+jgNcAFu4S75xnpQeXVPVqH+MYLKMmrAAz2+WvDEQ==",
        "dependencies": {
          "Reqnroll": "3.3.4",
          "Reqnroll.Tools.MsBuild.Generation": "3.3.4",
          "Xunit.SkippableFact": "1.4.13",
          "xunit.core": "2.8.1"
        }
      },
      "RestSharp": {
        "type": "Direct",
        "requested": "[114.0.0, )",
        "resolved": "114.0.0",
        "contentHash": "8pDO4q+K8nIqXbvGCb9ciKcngj36pCXGRDzOYPEPoS2IvBIL+mejmUMAtSNALt/NkDc9LQmHvM95kdniLSbGtg=="
      },
      "xunit": {
        "type": "Direct",
        "requested": "[2.9.2, )",
        "resolved": "2.9.2",
        "contentHash": "7LhFS2N9Z6Xgg8aE5lY95cneYivRMfRI8v+4PATa4S64D5Z/Plkg0qa8dTRHSiGRgVZ/CL2gEfJDE5AUhOX+2Q==",
        "dependencies": {
          "xunit.analyzers": "1.16.0",
          "xunit.assert": "2.9.2",
          "xunit.core": "[2.9.2]"
        }
      },
      "xunit.runner.visualstudio": {
        "type": "Direct",
        "requested": "[2.8.2, )",
        "resolved": "2.8.2",
        "contentHash": "vm1tbfXhFmjFMUmS4M0J0ASXz3/U5XvXBa6DOQUL3fEz4Vt6YPhv+ESCarx6M6D+9kJkJYZKCNvJMas1+nVfmQ=="
      },
      "AspNetCore.HealthChecks.NpgSql": {
        "type": "Transitive",
        "resolved": "9.0.0",
        "contentHash": "npc58/AD5zuVxERdhCl2Kb7WnL37mwX42SJcXIwvmEig0/dugOLg3SIwtfvvh3TnvTwR/sk5LYNkkPaBdks61A==",
        "dependencies": {
          "Microsoft.Extensions.Diagnostics.HealthChecks": "8.0.11",
          "Npgsql": "8.0.3"
        }
      },
      "AspNetCore.HealthChecks.UI.Client": {
        "type": "Transitive",
        "resolved": "9.0.0",
        "contentHash": "1Ub3Wvvbz7CMuFNWgLEc9qqQibiMoovDML/WHrwr5J83RPgtI20giCR92s/ipLgu7IIuqw+W/y7WpIeHqAICxg==",
        "dependencies": {
          "AspNetCore.HealthChecks.UI.Core": "9.0.0"
        }
      },
      "AspNetCore.HealthChecks.UI.Core": {
        "type": "Transitive",
        "resolved": "9.0.0",
        "contentHash": "TVriy4hgYnhfqz6NAzv8qe62Q8wf82iKUL6WV9selqeFZTq1ILi39Sic6sFQegRysvAVcnxKP/vY8z9Fk8x6XQ==",
        "dependencies": {
          "Microsoft.Extensions.Diagnostics.HealthChecks": "8.0.11"
        }
      },
      "Castle.Core": {
        "type": "Transitive",
        "resolved": "5.1.1",
        "contentHash": "rpYtIczkzGpf+EkZgDr9CClTdemhsrwA/W5hMoPjLkRFnXzH44zDLoovXeKtmxb1ykXK9aJVODSpiJml8CTw2g==",
        "dependencies": {
          "System.Diagnostics.EventLog": "6.0.0"
        }
      },
      "Cucumber.CucumberExpressions": {
        "type": "Transitive",
        "resolved": "17.1.0",
        "contentHash": "IZFDLLwrUCKuGDXQzmAWZa+kQFpVmVwWD8wEl0UWGOR83UQfzqg8hZeSSNUOXlW0Kh3vMO6kEm3FpNC4amKMaw=="
      },
      "Cucumber.HtmlFormatter": {
        "type": "Transitive",
        "resolved": "22.2.0",
        "contentHash": "hlP9GGzRADDKh0/GEt2aWD9G08qEDD4z6TC6iqJt3xH8kiU3iAbg1rOCtorN13zNdaaVxdraHzznWTMT/DnM1g==",
        "dependencies": {
          "Cucumber.Messages": "30.1.0"
        }
      },
      "Cucumber.Messages": {
        "type": "Transitive",
        "resolved": "32.1.0",
        "contentHash": "2b0OxIA5+mOI6u9+A29C4dI4mw9ooNotTbYxNEnrfQ2O77h3pIj58p8xUWFD2yY5qk5XFjhGuISCfzye7GraFQ=="
      },
      "Microsoft.AspNetCore.OpenApi": {
        "type": "Transitive",
        "resolved": "9.0.4",
        "contentHash": "GfZWPbZz1aAtEO3wGCkpeyRc0gzr/+VRHnUgY/YjqVPDlHbeKWCXw3IxKarQdo9myC2O1QBf652Mo50QqbXYRg==",
        "dependencies": {
          "Microsoft.OpenApi": "1.6.17"
        }
      },
      "Microsoft.AspNetCore.TestHost": {
        "type": "Transitive",
        "resolved": "9.0.17",
        "contentHash": "LgEmlWAfPZi31C5lMVs4at7ojcXTp7nXbSdqYnphIunYmX2S6pMKmBxjRcBK1Mcne4rw8PtOI7Ddk8Hg8nGvIQ=="
      },
      "Microsoft.Bcl.AsyncInterfaces": {
        "type": "Transitive",
        "resolved": "9.0.6",
        "contentHash": "82rLw487j5jBXEi2r3WvA/cagOhcRREVRtet6izzjDMY+i392W5oNSN2KCtuIvlTpyMONEUD0MIlGAgDdsvQ/w=="
      },
      "Microsoft.CodeCoverage": {
        "type": "Transitive",
        "resolved": "17.12.0",
        "contentHash": "4svMznBd5JM21JIG2xZKGNanAHNXplxf/kQDFfLHXQ3OnpJkayRK/TjacFjA+EYmoyuNXHo/sOETEfcYtAzIrA=="
      },
      "Microsoft.Data.Sqlite.Core": {
        "type": "Transitive",
        "resolved": "9.0.14",
        "contentHash": "EG3EHsTmmSf5Sk/JNSBMly1DZdBgg3OOb6/1Fg/eG/SEMTShpFnQPMi/PgiVfF4CPIS6d+BPrW91EeJyLhDOIQ==",
        "dependencies": {
          "SQLitePCLRaw.core": "2.1.10"
        }
      },
      "Microsoft.EntityFrameworkCore": {
        "type": "Transitive",
        "resolved": "9.0.17",
        "contentHash": "kO/7c4yuzq52eESWTtNQg2lSAouw4w/pZvOPGNNbPgAjlM3nl5Ggp51lWJhBQtZIAveX7TCmZ4DFePmcnDy9ag==",
        "dependencies": {
          "Microsoft.EntityFrameworkCore.Abstractions": "9.0.17",
          "Microsoft.EntityFrameworkCore.Analyzers": "9.0.17",
          "Microsoft.Extensions.Caching.Memory": "9.0.17",
          "Microsoft.Extensions.Logging": "9.0.17"
        }
      },
      "Microsoft.EntityFrameworkCore.Abstractions": {
        "type": "Transitive",
        "resolved": "9.0.17",
        "contentHash": "sTFeqfHXyNdAoE/WLQN/3srHgs9rM4QKfiQMwHW63Jl62g05f6wmhsJqqvyRNli7GrUsgUi4exsNe0tH4h2jvw=="
      },
      "Microsoft.EntityFrameworkCore.Analyzers": {
        "type": "Transitive",
        "resolved": "9.0.17",
        "contentHash": "gse+9T6mdDXnY6Cn8jtq/uCUZt8P3iZ5DHxNbVxQPEZa6iNL6tc4VDqqYYhwzpoZp08CYvYWhR26HNxUUvTTBw=="
      },
      "Microsoft.EntityFrameworkCore.Relational": {
        "type": "Transitive",
        "resolved": "9.0.14",
        "contentHash": "R73NifQ3oiAEmvQokCrUtDaVMRO9UQXp52cpwosTZkAmpK2XtmJbHIrZRUjvLWkCzTlwjTDP27bH04PlyNeJoA==",
        "dependencies": {
          "Microsoft.EntityFrameworkCore": "9.0.14",
          "Microsoft.Extensions.Caching.Memory": "9.0.14",
          "Microsoft.Extensions.Configuration.Abstractions": "9.0.14",
          "Microsoft.Extensions.Logging": "9.0.14"
        }
      },
      "Microsoft.EntityFrameworkCore.Sqlite.Core": {
        "type": "Transitive",
        "resolved": "9.0.14",
        "contentHash": "7+gc35/VABrS4ma0urEfmvVQI1NXRaPGghA29A1fIpxVoz5YySQ2C9ryH71dCJCRDzf+JSxmaHmw/wUfwKll4w==",
        "dependencies": {
          "Microsoft.Data.Sqlite.Core": "9.0.14",
          "Microsoft.EntityFrameworkCore.Relational": "9.0.14",
          "Microsoft.Extensions.Caching.Memory": "9.0.14",
          "Microsoft.Extensions.Configuration.Abstractions": "9.0.14",
          "Microsoft.Extensions.DependencyModel": "9.0.14",
          "Microsoft.Extensions.Logging": "9.0.14",
          "SQLitePCLRaw.core": "2.1.10",
          "System.Text.Json": "9.0.14"
        }
      },
      "Microsoft.Extensions.ApiDescription.Server": {
        "type": "Transitive",
        "resolved": "9.0.0",
        "contentHash": "1Kzzf7pRey40VaUkHN9/uWxrKVkLu2AQjt+GVeeKLLpiEHAJ1xZRsLSh4ZZYEnyS7Kt2OBOPmsXNdU+wbcOl5w=="
      },
      "Microsoft.Extensions.Caching.Abstractions": {
        "type": "Transitive",
        "resolved": "9.0.17",
        "contentHash": "Qye4QW5qfMtKETNeprziwg0qvPde+9RW8hIdIFn/NGOG+HFCeoa6ZAYDQOAkTqzgrsBCz9HWaJmC0B+F1mFHFA==",
        "dependencies": {
          "Microsoft.Extensions.Primitives": "9.0.17"
        }
      },
      "Microsoft.Extensions.Caching.Memory": {
        "type": "Transitive",
        "resolved": "9.0.17",
        "contentHash": "S+hC0Xj9LTHpQtY8AoT7+lIgK1wEfIFYUO9+Y5FHKrGgpsgukcJ1SgdQuXgv5lnM0R0vupxXK+JTYzVX/PYhoA==",
        "dependencies": {
          "Microsoft.Extensions.Caching.Abstractions": "9.0.17",
          "Microsoft.Extensions.DependencyInjection.Abstractions": "9.0.17",
          "Microsoft.Extensions.Logging.Abstractions": "9.0.17",
          "Microsoft.Extensions.Options": "9.0.17",
          "Microsoft.Extensions.Primitives": "9.0.17"
        }
      },
      "Microsoft.Extensions.Configuration": {
        "type": "Transitive",
        "resolved": "9.0.17",
        "contentHash": "RKKU/0arQsthvHQpj+6gWzkJCUZ3CSnfCz6FI7zvmTX8fwJn6UvoFlO5oSW6l6z+CdO4DQsLGXK8shMVMxvtTA==",
        "dependencies": {
          "Microsoft.Extensions.Configuration.Abstractions": "9.0.17",
          "Microsoft.Extensions.Primitives": "9.0.17"
        }
      },
      "Microsoft.Extensions.Configuration.Abstractions": {
        "type": "Transitive",
        "resolved": "9.0.17",
        "contentHash": "z67yRM/b3DoKw8Nji5S9mnrtTsNqi9Mi9szlsz2kArkmvmMl9G5ctH5e/DGCEkMS4xgAhRI2C99jrjR9na+atQ==",
        "dependencies": {
          "Microsoft.Extensions.Primitives": "9.0.17"
        }
      },
      "Microsoft.Extensions.Configuration.Binder": {
        "type": "Transitive",
        "resolved": "9.0.17",
        "contentHash": "UnOSrzXlS2u1mlTDLczyxPhwI09U4JseLGlYE2noO/mFQDEmnb+/VzC4DMZ9/TUqQB8XZeQDkaEgf3k3Q+cRGA==",
        "dependencies": {
          "Microsoft.Extensions.Configuration.Abstractions": "9.0.17"
        }
      },
      "Microsoft.Extensions.Configuration.CommandLine": {
        "type": "Transitive",
        "resolved": "9.0.17",
        "contentHash": "DbQhhR9IdIf7hQ2CHu3YuM6y/1QeeSofdTABTadx79fkTcJuYJcd9YuZ3h7Wg6bugB2ARZuN37JvKKd5qP2pRQ==",
        "dependencies": {
          "Microsoft.Extensions.Configuration": "9.0.17",
          "Microsoft.Extensions.Configuration.Abstractions": "9.0.17"
        }
      },
      "Microsoft.Extensions.Configuration.EnvironmentVariables": {
        "type": "Transitive",
        "resolved": "9.0.17",
        "contentHash": "d51CgC+auvCX7uYVG09WfreZjHl5eS5zycf2MGXToBOiAS6GiOwhfARzCSIrsOj+KArSZRww0wlhikEwYeZSWQ==",
        "dependencies": {
          "Microsoft.Extensions.Configuration": "9.0.17",
          "Microsoft.Extensions.Configuration.Abstractions": "9.0.17"
        }
      },
      "Microsoft.Extensions.Configuration.FileExtensions": {
        "type": "Transitive",
        "resolved": "9.0.17",
        "contentHash": "uE144Yd4Ybv+VHVIr3/Eaq9yTV7CBbRZcPl098qLKDOOB+ekccrttsFWKZSmx+/cCWM3MvciPGuSC8K7ug6lsg==",
        "dependencies": {
          "Microsoft.Extensions.Configuration": "9.0.17",
          "Microsoft.Extensions.Configuration.Abstractions": "9.0.17",
          "Microsoft.Extensions.FileProviders.Abstractions": "9.0.17",
          "Microsoft.Extensions.FileProviders.Physical": "9.0.17",
          "Microsoft.Extensions.Primitives": "9.0.17"
        }
      },
      "Microsoft.Extensions.Configuration.Json": {
        "type": "Transitive",
        "resolved": "9.0.17",
        "contentHash": "jaH4nniqXyhhQ3tQov57Pn2X+y3LgaeKAKGR9E04giCOJafp/3emcRi3lHi5XfdWbYP/v46zPKVovRl+Ogq/Kg==",
        "dependencies": {
          "Microsoft.Extensions.Configuration": "9.0.17",
          "Microsoft.Extensions.Configuration.Abstractions": "9.0.17",
          "Microsoft.Extensions.Configuration.FileExtensions": "9.0.17",
          "Microsoft.Extensions.FileProviders.Abstractions": "9.0.17"
        }
      },
      "Microsoft.Extensions.Configuration.UserSecrets": {
        "type": "Transitive",
        "resolved": "9.0.17",
        "contentHash": "WqG3k3gRGZ4xRIfTzQgYYNt0LWa26UQAXyfn2KyNO7tK0Y+6N/Ei+IwtWHtnAqN1oznKGrODoDQoQoc5fsoT/A==",
        "dependencies": {
          "Microsoft.Extensions.Configuration.Abstractions": "9.0.17",
          "Microsoft.Extensions.Configuration.Json": "9.0.17",
          "Microsoft.Extensions.FileProviders.Abstractions": "9.0.17",
          "Microsoft.Extensions.FileProviders.Physical": "9.0.17"
        }
      },
      "Microsoft.Extensions.DependencyInjection": {
        "type": "Transitive",
        "resolved": "9.0.17",
        "contentHash": "rEx48tbgwf2oIYi3g3kj2oUV6gWqrASaYD/lmTu7fOPOdQh4/c/lTCHQpSwndI4fElsrZTXGTLjjmTJ8Qn3a6w==",
        "dependencies": {
          "Microsoft.Extensions.DependencyInjection.Abstractions": "9.0.17"
        }
      },
      "Microsoft.Extensions.DependencyInjection.Abstractions": {
        "type": "Transitive",
        "resolved": "9.0.17",
        "contentHash": "/Oy6N+l6aBqKKnjpBhH2MSzzKV+UbjDELuk/OkwJW0auMqWZm14aK7n+QGjscH7JosoI1ChTWf4utUGEA6m2RA=="
      },
      "Microsoft.Extensions.DependencyModel": {
        "type": "Transitive",
        "resolved": "9.0.17",
        "contentHash": "EQCHEoptJDDDBk7YpFMc9hRZ86TZGNULwinNiY14yHzVqXxfHNREjPD80Eml4HYipVnX3dgeGSwY07PaaBNgKA=="
      },
      "Microsoft.Extensions.Diagnostics": {
        "type": "Transitive",
        "resolved": "9.0.17",
        "contentHash": "smsRjzlGv3mkGprVOtLNk4c2DkJ53FGq7PyPFId553JuVDLjyH9COoBJ3b0s2rbaggbhCFCDDnXfFR9CIkBk4w==",
        "dependencies": {
          "Microsoft.Extensions.Configuration": "9.0.17",
          "Microsoft.Extensions.Diagnostics.Abstractions": "9.0.17",
          "Microsoft.Extensions.Options.ConfigurationExtensions": "9.0.17"
        }
      },
      "Microsoft.Extensions.Diagnostics.Abstractions": {
        "type": "Transitive",
        "resolved": "9.0.17",
        "contentHash": "PhAFaG1usEWtJ8ZLTxNYWwWIMKih3ehsLRM/MGthpMToFIPtTMpPYcL9EnIqVQD5FbmB5Hr91Dvpve0la+kCJw==",
        "dependencies": {
          "Microsoft.Extensions.DependencyInjection.Abstractions": "9.0.17",
          "Microsoft.Extensions.Options": "9.0.17"
        }
      },
      "Microsoft.Extensions.Diagnostics.HealthChecks": {
        "type": "Transitive",
        "resolved": "9.0.14",
        "contentHash": "1W/vPp82Rb1X+G4aqXT4FVEm44DBEECAy4fh2V7UysXSq3yQPt0GtY+lOT5kMNhCxVvnWwV1GwKK4uj96dQNMA==",
        "dependencies": {
          "Microsoft.Extensions.Diagnostics.HealthChecks.Abstractions": "9.0.14",
          "Microsoft.Extensions.Hosting.Abstractions": "9.0.14",
          "Microsoft.Extensions.Logging.Abstractions": "9.0.14",
          "Microsoft.Extensions.Options": "9.0.14"
        }
      },
      "Microsoft.Extensions.Diagnostics.HealthChecks.Abstractions": {
        "type": "Transitive",
        "resolved": "9.0.14",
        "contentHash": "BlJxV/N6KjOb2BMzGNJASRH9EDdQIgPvanBYGoFlFtvbl4YMM3KNULT6+5MSSnufyP8EB/LHejinpzlHpVSdCg=="
      },
      "Microsoft.Extensions.Diagnostics.HealthChecks.EntityFrameworkCore": {
        "type": "Transitive",
        "resolved": "9.0.14",
        "contentHash": "V7UKG1QFOZy6Gx04u+nTjKrpBBNJHT+F2gZkOzgck4U5QgLTtCqduHD/pK5ifuo5bRwBo2unbUixYYEyxPdDbg==",
        "dependencies": {
          "Microsoft.EntityFrameworkCore.Relational": "9.0.14",
          "Microsoft.Extensions.Diagnostics.HealthChecks": "9.0.14",
          "Microsoft.Extensions.Diagnostics.HealthChecks.Abstractions": "9.0.14"
        }
      },
      "Microsoft.Extensions.FileProviders.Abstractions": {
        "type": "Transitive",
        "resolved": "9.0.17",
        "contentHash": "uTkT+/Km0tEPOw9kiLTXJwXlEVQZ5IBxRQm2EvIAwebfKqqaVY/ClkgcZ7FyzzwqFkFmhklWet4Ju4yWRy5jPg==",
        "dependencies": {
          "Microsoft.Extensions.Primitives": "9.0.17"
        }
      },
      "Microsoft.Extensions.FileProviders.Physical": {
        "type": "Transitive",
        "resolved": "9.0.17",
        "contentHash": "I8ZYDKpCput7HdOdJzlGp6lLZzEK0SD3kxyZq3844q29uDrhgeKjsMIINAjvVZa0vMni0np22oF0DzR7ASyvQw==",
        "dependencies": {
          "Microsoft.Extensions.FileProviders.Abstractions": "9.0.17",
          "Microsoft.Extensions.FileSystemGlobbing": "9.0.17",
          "Microsoft.Extensions.Primitives": "9.0.17"
        }
      },
      "Microsoft.Extensions.FileSystemGlobbing": {
        "type": "Transitive",
        "resolved": "9.0.17",
        "contentHash": "Q1dWc+ORSFB4c4lSw2wRj/s0OEODTrjXhx/U5XZQiagLy2ewAoXH11XmxFQHQI0GcOLQwRGA7oOD2iIKRQq+dQ=="
      },
      "Microsoft.Extensions.Hosting": {
        "type": "Transitive",
        "resolved": "9.0.17",
        "contentHash": "NuWOghlRTRBQXVrccIg5rzw+I7w3OSqOa5ue3INsOed8xOMgxQMlfBlYQSvmgukEMwIhREdhfUCKJhaJbY+a6g==",
        "dependencies": {
          "Microsoft.Extensions.Configuration": "9.0.17",
          "Microsoft.Extensions.Configuration.Abstractions": "9.0.17",
          "Microsoft.Extensions.Configuration.Binder": "9.0.17",
          "Microsoft.Extensions.Configuration.CommandLine": "9.0.17",
          "Microsoft.Extensions.Configuration.EnvironmentVariables": "9.0.17",
          "Microsoft.Extensions.Configuration.FileExtensions": "9.0.17",
          "Microsoft.Extensions.Configuration.Json": "9.0.17",
          "Microsoft.Extensions.Configuration.UserSecrets": "9.0.17",
          "Microsoft.Extensions.DependencyInjection": "9.0.17",
          "Microsoft.Extensions.DependencyInjection.Abstractions": "9.0.17",
          "Microsoft.Extensions.Diagnostics": "9.0.17",
          "Microsoft.Extensions.FileProviders.Abstractions": "9.0.17",
          "Microsoft.Extensions.FileProviders.Physical": "9.0.17",
          "Microsoft.Extensions.Hosting.Abstractions": "9.0.17",
          "Microsoft.Extensions.Logging": "9.0.17",
          "Microsoft.Extensions.Logging.Abstractions": "9.0.17",
          "Microsoft.Extensions.Logging.Configuration": "9.0.17",
          "Microsoft.Extensions.Logging.Console": "9.0.17",
          "Microsoft.Extensions.Logging.Debug": "9.0.17",
          "Microsoft.Extensions.Logging.EventLog": "9.0.17",
          "Microsoft.Extensions.Logging.EventSource": "9.0.17",
          "Microsoft.Extensions.Options": "9.0.17"
        }
      },
      "Microsoft.Extensions.Hosting.Abstractions": {
        "type": "Transitive",
        "resolved": "9.0.17",
        "contentHash": "OX4esT7X+0vh5zUSTbq0Jnreoquw5CZ29YCevHMH9XhBoy6ddrJDa7Enp+ZG1NB/OHARgO6rVJYnU0V9JY3+hQ==",
        "dependencies": {
          "Microsoft.Extensions.Configuration.Abstractions": "9.0.17",
          "Microsoft.Extensions.DependencyInjection.Abstractions": "9.0.17",
          "Microsoft.Extensions.Diagnostics.Abstractions": "9.0.17",
          "Microsoft.Extensions.FileProviders.Abstractions": "9.0.17",
          "Microsoft.Extensions.Logging.Abstractions": "9.0.17"
        }
      },
      "Microsoft.Extensions.Logging": {
        "type": "Transitive",
        "resolved": "9.0.17",
        "contentHash": "AVSl8TzLNiNA2CbDAdVH3qGIwY3SB3XCw7MebMnFRTF4L/BQTdvcknLTiRlJaJULMKaf3JecYiUjB6LbWAtt+g==",
        "dependencies": {
          "Microsoft.Extensions.DependencyInjection": "9.0.17",
          "Microsoft.Extensions.Logging.Abstractions": "9.0.17",
          "Microsoft.Extensions.Options": "9.0.17"
        }
      },
      "Microsoft.Extensions.Logging.Abstractions": {
        "type": "Transitive",
        "resolved": "9.0.17",
        "contentHash": "b1onT7ZvIrpkQ9swhLqSuj1eKvOtElXig2tk7b3ckBfXUu//Y6P7rzz15qTW0SCyYqanoflPYNQ76kqGutQ3iw==",
        "dependencies": {
          "Microsoft.Extensions.DependencyInjection.Abstractions": "9.0.17"
        }
      },
      "Microsoft.Extensions.Logging.Configuration": {
        "type": "Transitive",
        "resolved": "9.0.17",
        "contentHash": "+0zhh5gqw8CHBh4Lr/peHAa9IdRk+aYdViutD2Ggc2Tk9xC46na19PuvldISWBtBmc19B1IeZRZC9pT2g0e6vA==",
        "dependencies": {
          "Microsoft.Extensions.Configuration": "9.0.17",
          "Microsoft.Extensions.Configuration.Abstractions": "9.0.17",
          "Microsoft.Extensions.Configuration.Binder": "9.0.17",
          "Microsoft.Extensions.DependencyInjection.Abstractions": "9.0.17",
          "Microsoft.Extensions.Logging": "9.0.17",
          "Microsoft.Extensions.Logging.Abstractions": "9.0.17",
          "Microsoft.Extensions.Options": "9.0.17",
          "Microsoft.Extensions.Options.ConfigurationExtensions": "9.0.17"
        }
      },
      "Microsoft.Extensions.Logging.Console": {
        "type": "Transitive",
        "resolved": "9.0.17",
        "contentHash": "QAMX4VmFJI3wliE5imDEa7fUGxcLymKqAUqIYtRRk6G4N81pn7lJ/uTon0Mcq9D7zLaijaVsfCnZbyjMvx7LOA==",
        "dependencies": {
          "Microsoft.Extensions.DependencyInjection.Abstractions": "9.0.17",
          "Microsoft.Extensions.Logging": "9.0.17",
          "Microsoft.Extensions.Logging.Abstractions": "9.0.17",
          "Microsoft.Extensions.Logging.Configuration": "9.0.17",
          "Microsoft.Extensions.Options": "9.0.17"
        }
      },
      "Microsoft.Extensions.Logging.Debug": {
        "type": "Transitive",
        "resolved": "9.0.17",
        "contentHash": "Wbj8H9Fug4qPY2Wrekpr2nPqJnoFetG9aaXE32TPDKs7N156iskZNvwwszaCc/0Q7p/aZLjyn6f/g8UI24PkiA==",
        "dependencies": {
          "Microsoft.Extensions.DependencyInjection.Abstractions": "9.0.17",
          "Microsoft.Extensions.Logging": "9.0.17",
          "Microsoft.Extensions.Logging.Abstractions": "9.0.17"
        }
      },
      "Microsoft.Extensions.Logging.EventLog": {
        "type": "Transitive",
        "resolved": "9.0.17",
        "contentHash": "F/krSJMzKSYYLwY3Cq2n8xk4+EfJ7lTQH2wZyVmwoPZraaxQyadJhHlFPGb9TZq9xl8QMssopcfNIOQ18JjtqA==",
        "dependencies": {
          "Microsoft.Extensions.DependencyInjection.Abstractions": "9.0.17",
          "Microsoft.Extensions.Logging": "9.0.17",
          "Microsoft.Extensions.Logging.Abstractions": "9.0.17",
          "Microsoft.Extensions.Options": "9.0.17",
          "System.Diagnostics.EventLog": "9.0.17"
        }
      },
      "Microsoft.Extensions.Logging.EventSource": {
        "type": "Transitive",
        "resolved": "9.0.17",
        "contentHash": "kWhU6dWs+lAvtlaCPyUm0qSiCJKiDfGSRxdd2NqOvlZDhoD39MB0+i0/hxfWUrQXaGHL5tKbapVkypgCminHOg==",
        "dependencies": {
          "Microsoft.Extensions.DependencyInjection.Abstractions": "9.0.17",
          "Microsoft.Extensions.Logging": "9.0.17",
          "Microsoft.Extensions.Logging.Abstractions": "9.0.17",
          "Microsoft.Extensions.Options": "9.0.17",
          "Microsoft.Extensions.Primitives": "9.0.17"
        }
      },
      "Microsoft.Extensions.Options": {
        "type": "Transitive",
        "resolved": "9.0.17",
        "contentHash": "+UNeX4y+YJ4CNzwKy8Gf2pOo2++CGFLHFha9QbzUrsutLVne6O8CD+Khz9aWuSkm+l4Wzqa7+qhyC1OGENuQ6g==",
        "dependencies": {
          "Microsoft.Extensions.DependencyInjection.Abstractions": "9.0.17",
          "Microsoft.Extensions.Primitives": "9.0.17"
        }
      },
      "Microsoft.Extensions.Options.ConfigurationExtensions": {
        "type": "Transitive",
        "resolved": "9.0.17",
        "contentHash": "DtDKGG1xP1oSYbf5C268r+YRWz+gYXu0oP5JOXM4hR6aGfeki2YFKDWiUg2B8JWcecTuwi21IbDUoU42Z3DvJw==",
        "dependencies": {
          "Microsoft.Extensions.Configuration.Abstractions": "9.0.17",
          "Microsoft.Extensions.Configuration.Binder": "9.0.17",
          "Microsoft.Extensions.DependencyInjection.Abstractions": "9.0.17",
          "Microsoft.Extensions.Options": "9.0.17",
          "Microsoft.Extensions.Primitives": "9.0.17"
        }
      },
      "Microsoft.Extensions.Primitives": {
        "type": "Transitive",
        "resolved": "9.0.17",
        "contentHash": "WBjZ/zeb6PyCLT6lpGSzNtdMyRDloFSPqjY9kIGb5rdSng03rd0+ix/jDEYU6DUjE7JVLuhggXeMONVBxBHEXg=="
      },
      "Microsoft.OpenApi": {
        "type": "Transitive",
        "resolved": "1.6.25",
        "contentHash": "ZahSqNGtNV7N0JBYS/IYXPkLVexL/AZFxo6pqxv6A7Uli7Q7zfitNjkaqIcsV73Ukzxi4IlJdyDgcQiMXiH8cw=="
      },
      "Microsoft.TestPlatform.ObjectModel": {
        "type": "Transitive",
        "resolved": "17.12.0",
        "contentHash": "TDqkTKLfQuAaPcEb3pDDWnh7b3SyZF+/W9OZvWFp6eJCIiiYFdSB6taE2I6tWrFw5ywhzOb6sreoGJTI6m3rSQ==",
        "dependencies": {
          "System.Reflection.Metadata": "1.6.0"
        }
      },
      "Microsoft.TestPlatform.TestHost": {
        "type": "Transitive",
        "resolved": "17.12.0",
        "contentHash": "MiPEJQNyADfwZ4pJNpQex+t9/jOClBGMiCiVVFuELCMSX2nmNfvUor3uFVxNNCg30uxDP8JDYfPnMXQzsfzYyg==",
        "dependencies": {
          "Microsoft.TestPlatform.ObjectModel": "17.12.0",
          "Newtonsoft.Json": "13.0.1"
        }
      },
      "Newtonsoft.Json": {
        "type": "Transitive",
        "resolved": "13.0.1",
        "contentHash": "ppPFpBcvxdsfUonNcvITKqLl3bqxWbDCZIzDWHzjpdAHRFfZe0Dw9HmA0+za13IdyrgJwpkDTDA9fHaxOrt20A=="
      },
      "Npgsql": {
        "type": "Transitive",
        "resolved": "9.0.3",
        "contentHash": "tPvY61CxOAWxNsKLEBg+oR646X4Bc8UmyQ/tJszL/7mEmIXQnnBhVJZrZEEUv0Bstu0mEsHZD5At3EO8zQRAYw==",
        "dependencies": {
          "Microsoft.Extensions.Logging.Abstractions": "8.0.2"
        }
      },
      "Npgsql.EntityFrameworkCore.PostgreSQL": {
        "type": "Transitive",
        "resolved": "9.0.4",
        "contentHash": "mw5vcY2IEc7L+IeGrxpp/J5OSnCcjkjAgJYCm/eD52wpZze8zsSifdqV7zXslSMmfJG2iIUGZyo3KuDtEFKwMQ==",
        "dependencies": {
          "Microsoft.EntityFrameworkCore": "[9.0.1, 10.0.0)",
          "Microsoft.EntityFrameworkCore.Relational": "[9.0.1, 10.0.0)",
          "Npgsql": "9.0.3"
        }
      },
      "Reqnroll": {
        "type": "Transitive",
        "resolved": "3.3.4",
        "contentHash": "tFFx0xACekjT9F/aFZjQMNTbaxy7zNU4uXFXvU1Eybuko2Rx1RLCAzN+uPDiDxsGB/Nd0wZC0M8Ho5i9xm8Jdg==",
        "dependencies": {
          "Cucumber.CucumberExpressions": "17.1.0",
          "Cucumber.HtmlFormatter": "22.2.0",
          "Cucumber.Messages": "30.1.0",
          "Gherkin": "35.0.0",
          "Microsoft.Bcl.AsyncInterfaces": "9.0.6",
          "Microsoft.Extensions.DependencyModel": "8.0.2",
          "System.Text.Json": "8.0.5",
          "System.Threading.Channels": "9.0.6"
        }
      },
      "Reqnroll.Tools.MsBuild.Generation": {
        "type": "Transitive",
        "resolved": "3.3.4",
        "contentHash": "atTwejJRcKgUcJCofp4uSPKNXBav6ZITHtuD6dhByg1ubyVJirjz5TkcVCR9oFnHAEbZvOdd4cYCJNPO9rSAsQ=="
      },
      "SQLitePCLRaw.bundle_e_sqlite3": {
        "type": "Transitive",
        "resolved": "2.1.10",
        "contentHash": "UxWuisvZ3uVcVOLJQv7urM/JiQH+v3TmaJc1BLKl5Dxfm/nTzTUrqswCqg/INiYLi61AXnHo1M1JPmPqqLnAdg==",
        "dependencies": {
          "SQLitePCLRaw.lib.e_sqlite3": "2.1.10",
          "SQLitePCLRaw.provider.e_sqlite3": "2.1.10"
        }
      },
      "SQLitePCLRaw.core": {
        "type": "Transitive",
        "resolved": "2.1.10",
        "contentHash": "Ii8JCbC7oiVclaE/mbDEK000EFIJ+ShRPwAvvV89GOZhQ+ZLtlnSWl6ksCNMKu/VGXA4Nfi2B7LhN/QFN9oBcw==",
        "dependencies": {
          "System.Memory": "4.5.3"
        }
      },
      "SQLitePCLRaw.lib.e_sqlite3": {
        "type": "Transitive",
        "resolved": "2.1.10",
        "contentHash": "mAr69tDbnf3QJpRy2nJz8Qdpebdil00fvycyByR58Cn9eARvR+UiG2Vzsp+4q1tV3ikwiYIjlXCQFc12GfebbA=="
      },
      "SQLitePCLRaw.provider.e_sqlite3": {
        "type": "Transitive",
        "resolved": "2.1.10",
        "contentHash": "uZVTi02C1SxqzgT0HqTWatIbWGb40iIkfc3FpFCpE/r7g6K0PqzDUeefL6P6HPhDtc6BacN3yQysfzP7ks+wSQ==",
        "dependencies": {
          "SQLitePCLRaw.core": "2.1.10"
        }
      },
      "Swashbuckle.AspNetCore": {
        "type": "Transitive",
        "resolved": "9.0.4",
        "contentHash": "4hghaogMoS87Ivjj8s7aGuGsxrsjXZpjNvahLsN+zSLrZQcV8zQyiBweBd9AXC1sGkeNYb9/hbeS1EXrZ/hKjQ==",
        "dependencies": {
          "Microsoft.Extensions.ApiDescription.Server": "9.0.0",
          "Swashbuckle.AspNetCore.Swagger": "9.0.4",
          "Swashbuckle.AspNetCore.SwaggerGen": "9.0.4",
          "Swashbuckle.AspNetCore.SwaggerUI": "9.0.4"
        }
      },
      "Swashbuckle.AspNetCore.Swagger": {
        "type": "Transitive",
        "resolved": "9.0.4",
        "contentHash": "syU8U4Eg3DfhU+BBeDUh66erwDsYOhp82InXbrOsqWP3qoOfQbBtePcTetkLNanovYHYX40alZBE6gQQFtBZkQ==",
        "dependencies": {
          "Microsoft.OpenApi": "1.6.25"
        }
      },
      "Swashbuckle.AspNetCore.SwaggerGen": {
        "type": "Transitive",
        "resolved": "9.0.4",
        "contentHash": "GnCikaq7kagEckGGsrVnKl2icRQebyr14/7s3T/rQQO7edOIXkxtjTOJZqbazOxaTXBDCDdSInMiYbMQhFnE5Q==",
        "dependencies": {
          "Swashbuckle.AspNetCore.Swagger": "9.0.4"
        }
      },
      "Swashbuckle.AspNetCore.SwaggerUI": {
        "type": "Transitive",
        "resolved": "9.0.4",
        "contentHash": "2ugT2OvZsKHqk/2rMDmuqDuFmtix0NvzlXxAfnfHROVMTovbx7Z0UsOQHZa462DBTgdBFnR2Ss6wm4fypfymdA=="
      },
      "System.Diagnostics.EventLog": {
        "type": "Transitive",
        "resolved": "9.0.17",
        "contentHash": "4CxRyWjLb+XAXLG+uUJZoDReoUIFe+fVvbfI6FUl/BQoehnhgHIoeQknNBLTrYBOWAY4JWk20nJYCedhD1IIcw=="
      },
      "System.Memory": {
        "type": "Transitive",
        "resolved": "4.5.3",
        "contentHash": "3oDzvc/zzetpTKWMShs1AADwZjQ/36HnsufHRPcOjyRAAMLDlu2iD33MBI2opxnezcVUtXyqDXXjoFMOU9c7SA=="
      },
      "System.Reflection.Metadata": {
        "type": "Transitive",
        "resolved": "1.6.0",
        "contentHash": "COC1aiAJjCoA5GBF+QKL2uLqEBew4JsCkQmoHKbN3TlOZKa2fKLz5CpiRQKDz0RsAOEGsVKqOD5bomsXq/4STQ=="
      },
      "System.Text.Json": {
        "type": "Transitive",
        "resolved": "9.0.14",
        "contentHash": "zahtYv0C3LAIUUSiEwuL9QAtal8X1cp32qua8JWMjgoik33BpRU9ziLT9QJukF39y/G43VeTn0XFcDujzeFMMA=="
      },
      "System.Threading.Channels": {
        "type": "Transitive",
        "resolved": "9.0.6",
        "contentHash": "2MaNJVkG2yJiXQbZrrcYoJ55ehV+aX0zqR6rWJkO/Qj7jTsArWthrQ7iWywUf/sE5ylJWX/iLH2kKfwSRdkWsA=="
      },
      "Validation": {
        "type": "Transitive",
        "resolved": "2.4.18",
        "contentHash": "NfvWJ1QeuZ1FQCkqgXTu1cOkRkbNCfxs4Tat+abXLwom6OXbULVhRGp34BTvVB4XPxj6VIAl7KfLfStXMt/Ehw=="
      },
      "xunit.abstractions": {
        "type": "Transitive",
        "resolved": "2.0.3",
        "contentHash": "pot1I4YOxlWjIb5jmwvvQNbTrZ3lJQ+jUGkGjWE3hEFM0l5gOnBWS+H3qsex68s5cO52g+44vpGzhAt+42vwKg=="
      },
      "xunit.analyzers": {
        "type": "Transitive",
        "resolved": "1.16.0",
        "contentHash": "hptYM7vGr46GUIgZt21YHO4rfuBAQS2eINbFo16CV/Dqq+24Tp+P5gDCACu1AbFfW4Sp/WRfDPSK8fmUUb8s0Q=="
      },
      "xunit.assert": {
        "type": "Transitive",
        "resolved": "2.9.2",
        "contentHash": "QkNBAQG4pa66cholm28AxijBjrmki98/vsEh4Sx5iplzotvPgpiotcxqJQMRC8d7RV7nIT8ozh97957hDnZwsQ=="
      },
      "xunit.core": {
        "type": "Transitive",
        "resolved": "2.9.2",
        "contentHash": "O6RrNSdmZ0xgEn5kT927PNwog5vxTtKrWMihhhrT0Sg9jQ7iBDciYOwzBgP2krBEk5/GBXI18R1lKvmnxGcb4w==",
        "dependencies": {
          "xunit.extensibility.core": "[2.9.2]",
          "xunit.extensibility.execution": "[2.9.2]"
        }
      },
      "xunit.extensibility.core": {
        "type": "Transitive",
        "resolved": "2.9.2",
        "contentHash": "Ol+KlBJz1x8BrdnhN2DeOuLrr1I/cTwtHCggL9BvYqFuVd/TUSzxNT5O0NxCIXth30bsKxgMfdqLTcORtM52yQ==",
        "dependencies": {
          "xunit.abstractions": "2.0.3"
        }
      },
      "xunit.extensibility.execution": {
        "type": "Transitive",
        "resolved": "2.9.2",
        "contentHash": "rKMpq4GsIUIJibXuZoZ8lYp5EpROlnYaRpwu9Zr0sRZXE7JqJfEEbCsUriZqB+ByXCLFBJyjkTRULMdC+U566g==",
        "dependencies": {
          "xunit.extensibility.core": "[2.9.2]"
        }
      },
      "Xunit.SkippableFact": {
        "type": "Transitive",
        "resolved": "1.4.13",
        "contentHash": "IyzZNvJEtXGlXrzxDiSbtH5Lyxf4iJdRQADuyjGdDf00LjXRLJwIoezQNFhFGKTMtvk8IIgaSHxW4mAV4O7b8A==",
        "dependencies": {
          "Validation": "2.4.18",
          "xunit.extensibility.execution": "2.4.0"
        }
      },
      "esbot.api": {
        "type": "Project",
        "dependencies": {
          "AspNetCore.HealthChecks.NpgSql": "[9.0.0, )",
          "AspNetCore.HealthChecks.UI.Client": "[9.0.0, )",
          "ESBot.Domain": "[1.0.0, )",
          "ESBot.Infrastructure": "[1.0.0, )",
          "Microsoft.AspNetCore.OpenApi": "[9.0.4, )",
          "Microsoft.EntityFrameworkCore.InMemory": "[9.0.17, )",
          "Microsoft.Extensions.Diagnostics.HealthChecks.EntityFrameworkCore": "[9.0.14, )",
          "Swashbuckle.AspNetCore": "[9.0.4, )"
        }
      },
      "esbot.application": {
        "type": "Project",
        "dependencies": {
          "ESBot.Domain": "[1.0.0, )"
        }
      },
      "esbot.domain": {
        "type": "Project"
      },
      "esbot.infrastructure": {
        "type": "Project",
        "dependencies": {
          "ESBot.Application": "[1.0.0, )",
          "ESBot.Domain": "[1.0.0, )",
          "Microsoft.EntityFrameworkCore": "[9.0.14, )",
          "Npgsql.EntityFrameworkCore.PostgreSQL": "[9.0.4, )"
        }
      }
    }
  }
}